// !$*UTF8*$!
{
	archiveVersion = 1;
	classes = {
	};
	objectVersion = 56;
	objects = {

/* Begin PBXBuildFile section */
		64D5108D28FD1200003B2E30 /* AppDelegate.swift in Sources */ = {isa = PBXBuildFile; fileRef = 64D5108C28FD1200003B2E30 /* AppDelegate.swift */; };
		64D5108F28FD1200003B2E30 /* SceneDelegate.swift in Sources */ = {isa = PBXBuildFile; fileRef = 64D5108E28FD1200003B2E30 /* SceneDelegate.swift */; };
		64D5109128FD1200003B2E30 /* ItemListViewController.swift in Sources */ = {isa = PBXBuildFile; fileRef = 64D5109028FD1200003B2E30 /* ItemListViewController.swift */; };
		64D5109428FD1200003B2E30 /* Main.storyboard in Resources */ = {isa = PBXBuildFile; fileRef = 64D5109228FD1200003B2E30 /* Main.storyboard */; };
		64D5109628FD1201003B2E30 /* Assets.xcassets in Resources */ = {isa = PBXBuildFile; fileRef = 64D5109528FD1201003B2E30 /* Assets.xcassets */; };
		64D5109928FD1201003B2E30 /* LaunchScreen.storyboard in Resources */ = {isa = PBXBuildFile; fileRef = 64D5109728FD1201003B2E30 /* LaunchScreen.storyboard */; };
		64D510C828FD13B2003B2E30 /* DataModel.xcdatamodeld in Sources */ = {isa = PBXBuildFile; fileRef = 64D510C628FD13B2003B2E30 /* DataModel.xcdatamodeld */; };
/* End PBXBuildFile section */

/* Begin PBXFileReference section */
		64D5108928FD1200003B2E30 /* FoodExp Manager.app */ = {isa = PBXFileReference; explicitFileType = wrapper.application; includeInIndex = 0; path = "FoodExp Manager.app"; sourceTree = BUILT_PRODUCTS_DIR; };
		64D5108C28FD1200003B2E30 /* AppDelegate.swift */ = {isa = PBXFileReference; lastKnownFileType = sourcecode.swift; path = AppDelegate.swift; sourceTree = "<group>"; };
		64D5108E28FD1200003B2E30 /* SceneDelegate.swift */ = {isa = PBXFileReference; lastKnownFileType = sourcecode.swift; path = SceneDelegate.swift; sourceTree = "<group>"; };
		64D5109028FD1200003B2E30 /* ItemListViewController.swift */ = {isa = PBXFileReference; lastKnownFileType = sourcecode.swift; path = ItemListViewController.swift; sourceTree = "<group>"; };
		64D5109328FD1200003B2E30 /* Base */ = {isa = PBXFileReference; lastKnownFileType = file.storyboard; name = Base; path = Base.lproj/Main.storyboard; sourceTree = "<group>"; };
		64D5109528FD1201003B2E30 /* Assets.xcassets */ = {isa = PBXFileReference; lastKnownFileType = folder.assetcatalog; path = Assets.xcassets; sourceTree = "<group>"; };
		64D5109828FD1201003B2E30 /* Base */ = {isa = PBXFileReference; lastKnownFileType = file.storyboard; name = Base; path = Base.lproj/LaunchScreen.storyboard; sourceTree = "<group>"; };
		64D5109A28FD1201003B2E30 /* Info.plist */ = {isa = PBXFileReference; lastKnownFileType = text.plist.xml; path = Info.plist; sourceTree = "<group>"; };
		64D510C728FD13B2003B2E30 /* DataModel.xcdatamodel */ = {isa = PBXFileReference; lastKnownFileType = wrapper.xcdatamodel; path = DataModel.xcdatamodel; sourceTree = "<group>"; };
/* End PBXFileReference section */

/* Begin PBXFrameworksBuildPhase section */
		64D5108628FD1200003B2E30 /* Frameworks */ = {
			isa = PBXFrameworksBuildPhase;
			buildActionMask = 2147483647;
			files = (
			);
			runOnlyForDeploymentPostprocessing = 0;
		};
/* End PBXFrameworksBuildPhase section */

/* Begin PBXGroup section */
		64D5108028FD1200003B2E30 = {
			isa = PBXGroup;
			children = (
				64D5108B28FD1200003B2E30 /* FoodExp Manager */,
				64D5108A28FD1200003B2E30 /* Products */,
			);
			sourceTree = "<group>";
		};
		64D5108A28FD1200003B2E30 /* Products */ = {
			isa = PBXGroup;
			children = (
				64D5108928FD1200003B2E30 /* FoodExp Manager.app */,
			);
			name = Products;
			sourceTree = "<group>";
		};
		64D5108B28FD1200003B2E30 /* FoodExp Manager */ = {
			isa = PBXGroup;
			children = (
				64D510A228FD122C003B2E30 /* View */,
				64D510A128FD1222003B2E30 /* Controller */,
				64D510A028FD1210003B2E30 /* Model */,
				64D5108C28FD1200003B2E30 /* AppDelegate.swift */,
				64D5108E28FD1200003B2E30 /* SceneDelegate.swift */,
				64D5109528FD1201003B2E30 /* Assets.xcassets */,
				64D5109728FD1201003B2E30 /* LaunchScreen.storyboard */,
				64D5109A28FD1201003B2E30 /* Info.plist */,
			);
			path = "FoodExp Manager";
			sourceTree = "<group>";
		};
		64D510A028FD1210003B2E30 /* Model */ = {
			isa = PBXGroup;
			children = (
				64D510C628FD13B2003B2E30 /* DataModel.xcdatamodeld */,
			);
			path = Model;
			sourceTree = "<group>";
		};
		64D510A128FD1222003B2E30 /* Controller */ = {
			isa = PBXGroup;
			children = (
				64D5109028FD1200003B2E30 /* ItemListViewController.swift */,
			);
			path = Controller;
			sourceTree = "<group>";
		};
		64D510A228FD122C003B2E30 /* View */ = {
			isa = PBXGroup;
			children = (
				64D5109228FD1200003B2E30 /* Main.storyboard */,
			);
			path = View;
			sourceTree = "<group>";
		};
/* End PBXGroup section */

/* Begin PBXNativeTarget section */
		64D5108828FD1200003B2E30 /* FoodExp Manager */ = {
			isa = PBXNativeTarget;
			buildConfigurationList = 64D5109D28FD1201003B2E30 /* Build configuration list for PBXNativeTarget "FoodExp Manager" */;
			buildPhases = (
				64D5108528FD1200003B2E30 /* Sources */,
				64D5108628FD1200003B2E30 /* Frameworks */,
				64D5108728FD1200003B2E30 /* Resources */,
			);
			buildRules = (
			);
			dependencies = (
			);
			name = "FoodExp Manager";
			productName = "FoodExp Manager";
			productReference = 64D5108928FD1200003B2E30 /* FoodExp Manager.app */;
			productType = "com.apple.product-type.application";
		};
/* End PBXNativeTarget section */

/* Begin PBXProject section */
		64D5108128FD1200003B2E30 /* Project object */ = {
			isa = PBXProject;
			attributes = {
				BuildIndependentTargetsInParallel = 1;
				LastSwiftUpdateCheck = 1400;
				LastUpgradeCheck = 1400;
				TargetAttributes = {
					64D5108828FD1200003B2E30 = {
						CreatedOnToolsVersion = 14.0.1;
					};
				};
			};
			buildConfigurationList = 64D5108428FD1200003B2E30 /* Build configuration list for PBXProject "FoodExp Manager" */;
			compatibilityVersion = "Xcode 14.0";
			developmentRegion = en;
			hasScannedForEncodings = 0;
			knownRegions = (
				en,
				Base,
			);
			mainGroup = 64D5108028FD1200003B2E30;
			productRefGroup = 64D5108A28FD1200003B2E30 /* Products */;
			projectDirPath = "";
			projectRoot = "";
			targets = (
				64D5108828FD1200003B2E30 /* FoodExp Manager */,
			);
		};
/* End PBXProject section */

/* Begin PBXResourcesBuildPhase section */
		64D5108728FD1200003B2E30 /* Resources */ = {
			isa = PBXResourcesBuildPhase;
			buildActionMask = 2147483647;
			files = (
				64D5109928FD1201003B2E30 /* LaunchScreen.storyboard in Resources */,
				64D5109628FD1201003B2E30 /* Assets.xcassets in Resources */,
				64D5109428FD1200003B2E30 /* Main.storyboard in Resources */,
			);
			runOnlyForDeploymentPostprocessing = 0;
		};
/* End PBXResourcesBuildPhase section */

/* Begin PBXSourcesBuildPhase section */
		64D5108528FD1200003B2E30 /* Sources */ = {
			isa = PBXSourcesBuildPhase;
			buildActionMask = 2147483647;
			files = (
				64D5109128FD1200003B2E30 /* ItemListViewController.swift in Sources */,
				64D510C828FD13B2003B2E30 /* DataModel.xcdatamodeld in Sources */,
				64D5108D28FD1200003B2E30 /* AppDelegate.swift in Sources */,
				64D5108F28FD1200003B2E30 /* SceneDelegate.swift in Sources */,
			);
			runOnlyForDeploymentPostprocessing = 0;
		};
/* End PBXSourcesBuildPhase section */

/* Begin PBXVariantGroup section */
		64D5109228FD1200003B2E30 /* Main.storyboard */ = {
			isa = PBXVariantGroup;
			children = (
				64D5109328FD1200003B2E30 /* Base */,
			);
			name = Main.storyboard;
			sourceTree = "<group>";
		};
		64D5109728FD1201003B2E30 /* LaunchScreen.storyboard */ = {
			isa = PBXVariantGroup;
			children = (
				64D5109828FD1201003B2E30 /* Base */,
			);
			name = LaunchScreen.storyboard;
			sourceTree = "<group>";
		};
/* End PBXVariantGroup section */

/* Begin XCBuildConfiguration section */
		64D5109B28FD1201003B2E30 /* Debug */ = {
			isa = XCBuildConfiguration;
			buildSettings = {
				ALWAYS_SEARCH_USER_PATHS = NO;
				CLANG_ANALYZER_NONNULL = YES;
				CLANG_ANALYZER_NUMBER_OBJECT_CONVERSION = YES_AGGRESSIVE;
				CLANG_CXX_LANGUAGE_STANDARD = "gnu++20";
				CLANG_ENABLE_MODULES = YES;
				CLANG_ENABLE_OBJC_ARC = YES;
				CLANG_ENABLE_OBJC_WEAK = YES;
				CLANG_WARN_BLOCK_CAPTURE_AUTORELEASING = YES;
				CLANG_WARN_BOOL_CONVERSION = YES;
				CLANG_WARN_COMMA = YES;
				CLANG_WARN_CONSTANT_CONVERSION = YES;
				CLANG_WARN_DEPRECATED_OBJC_IMPLEMENTATIONS = YES;
				CLANG_WARN_DIRECT_OBJC_ISA_USAGE = YES_ERROR;
				CLANG_WARN_DOCUMENTATION_COMMENTS = YES;
				CLANG_WARN_EMPTY_BODY = YES;
				CLANG_WARN_ENUM_CONVERSION = YES;
				CLANG_WARN_INFINITE_RECURSION = YES;
				CLANG_WARN_INT_CONVERSION = YES;
				CLANG_WARN_NON_LITERAL_NULL_CONVERSION = YES;
				CLANG_WARN_OBJC_IMPLICIT_RETAIN_SELF = YES;
				CLANG_WARN_OBJC_LITERAL_CONVERSION = YES;
				CLANG_WARN_OBJC_ROOT_CLASS = YES_ERROR;
				CLANG_WARN_QUOTED_INCLUDE_IN_FRAMEWORK_HEADER = YES;
				CLANG_WARN_RANGE_LOOP_ANALYSIS = YES;
				CLANG_WARN_STRICT_PROTOTYPES = YES;
				CLANG_WARN_SUSPICIOUS_MOVE = YES;
				CLANG_WARN_UNGUARDED_AVAILABILITY = YES_AGGRESSIVE;
				CLANG_WARN_UNREACHABLE_CODE = YES;
				CLANG_WARN__DUPLICATE_METHOD_MATCH = YES;
				COPY_PHASE_STRIP = NO;
				DEBUG_INFORMATION_FORMAT = dwarf;
				ENABLE_STRICT_OBJC_MSGSEND = YES;
				ENABLE_TESTABILITY = YES;
				GCC_C_LANGUAGE_STANDARD = gnu11;
				GCC_DYNAMIC_NO_PIC = NO;
				GCC_NO_COMMON_BLOCKS = YES;
				GCC_OPTIMIZATION_LEVEL = 0;
				GCC_PREPROCESSOR_DEFINITIONS = (
					"DEBUG=1",
					"$(inherited)",
				);
				GCC_WARN_64_TO_32_BIT_CONVERSION = YES;
				GCC_WARN_ABOUT_RETURN_TYPE = YES_ERROR;
				GCC_WARN_UNDECLARED_SELECTOR = YES;
				GCC_WARN_UNINITIALIZED_AUTOS = YES_AGGRESSIVE;
				GCC_WARN_UNUSED_FUNCTION = YES;
				GCC_WARN_UNUSED_VARIABLE = YES;
				IPHONEOS_DEPLOYMENT_TARGET = 16.0;
				MTL_ENABLE_DEBUG_INFO = INCLUDE_SOURCE;
				MTL_FAST_MATH = YES;
				ONLY_ACTIVE_ARCH = YES;
				SDKROOT = iphoneos;
				SWIFT_ACTIVE_COMPILATION_CONDITIONS = DEBUG;
				SWIFT_OPTIMIZATION_LEVEL = "-Onone";
			};
			name = Debug;
		};
		64D5109C28FD1201003B2E30 /* Release */ = {
			isa = XCBuildConfiguration;
			buildSettings = {
				ALWAYS_SEARCH_USER_PATHS = NO;
				CLANG_ANALYZER_NONNULL = YES;
				CLANG_ANALYZER_NUMBER_OBJECT_CONVERSION = YES_AGGRESSIVE;
				CLANG_CXX_LANGUAGE_STANDARD = "gnu++20";
				CLANG_ENABLE_MODULES = YES;
				CLANG_ENABLE_OBJC_ARC = YES;
				CLANG_ENABLE_OBJC_WEAK = YES;
				CLANG_WARN_BLOCK_CAPTURE_AUTORELEASING = YES;
				CLANG_WARN_BOOL_CONVERSION = YES;
				CLANG_WARN_COMMA = YES;
				CLANG_WARN_CONSTANT_CONVERSION = YES;
				CLANG_WARN_DEPRECATED_OBJC_IMPLEMENTATIONS = YES;
				CLANG_WARN_DIRECT_OBJC_ISA_USAGE = YES_ERROR;
				CLANG_WARN_DOCUMENTATION_COMMENTS = YES;
				CLANG_WARN_EMPTY_BODY = YES;
				CLANG_WARN_ENUM_CONVERSION = YES;
				CLANG_WARN_INFINITE_RECURSION = YES;
				CLANG_WARN_INT_CONVERSION = YES;
				CLANG_WARN_NON_LITERAL_NULL_CONVERSION = YES;
				CLANG_WARN_OBJC_IMPLICIT_RETAIN_SELF = YES;
				CLANG_WARN_OBJC_LITERAL_CONVERSION = YES;
				CLANG_WARN_OBJC_ROOT_CLASS = YES_ERROR;
				CLANG_WARN_QUOTED_INCLUDE_IN_FRAMEWORK_HEADER = YES;
				CLANG_WARN_RANGE_LOOP_ANALYSIS = YES;
				CLANG_WARN_STRICT_PROTOTYPES = YES;
				CLANG_WARN_SUSPICIOUS_MOVE = YES;
				CLANG_WARN_UNGUARDED_AVAILABILITY = YES_AGGRESSIVE;
				CLANG_WARN_UNREACHABLE_CODE = YES;
				CLANG_WARN__DUPLICATE_METHOD_MATCH = YES;
				COPY_PHASE_STRIP = NO;
				DEBUG_INFORMATION_FORMAT = "dwarf-with-dsym";
				ENABLE_NS_ASSERTIONS = NO;
				ENABLE_STRICT_OBJC_MSGSEND = YES;
				GCC_C_LANGUAGE_STANDARD = gnu11;
				GCC_NO_COMMON_BLOCKS = YES;
				GCC_WARN_64_TO_32_BIT_CONVERSION = YES;
				GCC_WARN_ABOUT_RETURN_TYPE = YES_ERROR;
				GCC_WARN_UNDECLARED_SELECTOR = YES;
				GCC_WARN_UNINITIALIZED_AUTOS = YES_AGGRESSIVE;
				GCC_WARN_UNUSED_FUNCTION = YES;
				GCC_WARN_UNUSED_VARIABLE = YES;
				IPHONEOS_DEPLOYMENT_TARGET = 16.0;
				MTL_ENABLE_DEBUG_INFO = NO;
				MTL_FAST_MATH = YES;
				SDKROOT = iphoneos;
				SWIFT_COMPILATION_MODE = wholemodule;
				SWIFT_OPTIMIZATION_LEVEL = "-O";
				VALIDATE_PRODUCT = YES;
			};
			name = Release;
		};
		64D5109E28FD1201003B2E30 /* Debug */ = {
			isa = XCBuildConfiguration;
			buildSettings = {
				ASSETCATALOG_COMPILER_APPICON_NAME = AppIcon;
				ASSETCATALOG_COMPILER_GLOBAL_ACCENT_COLOR_NAME = AccentColor;
				CODE_SIGN_STYLE = Automatic;
				CURRENT_PROJECT_VERSION = 1;
				DEVELOPMENT_TEAM = 24SQSG9LRD;
				GENERATE_INFOPLIST_FILE = YES;
				INFOPLIST_FILE = "FoodExp Manager/Info.plist";
				INFOPLIST_KEY_UIApplicationSupportsIndirectInputEvents = YES;
				INFOPLIST_KEY_UILaunchStoryboardName = LaunchScreen;
				INFOPLIST_KEY_UIMainStoryboardFile = Main;
				INFOPLIST_KEY_UISupportedInterfaceOrientations_iPad = "UIInterfaceOrientationPortrait UIInterfaceOrientationPortraitUpsideDown UIInterfaceOrientationLandscapeLeft UIInterfaceOrientationLandscapeRight";
				INFOPLIST_KEY_UISupportedInterfaceOrientations_iPhone = "UIInterfaceOrientationPortrait UIInterfaceOrientationLandscapeLeft UIInterfaceOrientationLandscapeRight";
				LD_RUNPATH_SEARCH_PATHS = (
					"$(inherited)",
					"@executable_path/Frameworks",
				);
				MARKETING_VERSION = 1.0;
				PRODUCT_BUNDLE_IDENTIFIER = "co.hanzhuogong.FoodExp-Manager";
				PRODUCT_NAME = "$(TARGET_NAME)";
				SWIFT_EMIT_LOC_STRINGS = YES;
				SWIFT_VERSION = 5.0;
				TARGETED_DEVICE_FAMILY = "1,2";
			};
			name = Debug;
		};
		64D5109F28FD1201003B2E30 /* Release */ = {
			isa = XCBuildConfiguration;
			buildSettings = {
				ASSETCATALOG_COMPILER_APPICON_NAME = AppIcon;
				ASSETCATALOG_COMPILER_GLOBAL_ACCENT_COLOR_NAME = AccentColor;
				CODE_SIGN_STYLE = Automatic;
				CURRENT_PROJECT_VERSION = 1;
				DEVELOPMENT_TEAM = 24SQSG9LRD;
				GENERATE_INFOPLIST_FILE = YES;
				INFOPLIST_FILE = "FoodExp Manager/Info.plist";
				INFOPLIST_KEY_UIApplicationSupportsIndirectInputEvents = YES;
				INFOPLIST_KEY_UILaunchStoryboardName = LaunchScreen;
				INFOPLIST_KEY_UIMainStoryboardFile = Main;
				INFOPLIST_KEY_UISupportedInterfaceOrientations_iPad = "UIInterfaceOrientationPortrait UIInterfaceOrientationPortraitUpsideDown UIInterfaceOrientationLandscapeLeft UIInterfaceOrientationLandscapeRight";
				INFOPLIST_KEY_UISupportedInterfaceOrientations_iPhone = "UIInterfaceOrientationPortrait UIInterfaceOrientationLandscapeLeft UIInterfaceOrientationLandscapeRight";
				LD_RUNPATH_SEARCH_PATHS = (
					"$(inherited)",
					"@executable_path/Frameworks",
				);
				MARKETING_VERSION = 1.0;
				PRODUCT_BUNDLE_IDENTIFIER = "co.hanzhuogong.FoodExp-Manager";
				PRODUCT_NAME = "$(TARGET_NAME)";
				SWIFT_EMIT_LOC_STRINGS = YES;
				SWIFT_VERSION = 5.0;
				TARGETED_DEVICE_FAMILY = "1,2";
			};
			name = Release;
		};
/* End XCBuildConfiguration section */

/* Begin XCConfigurationList section */
		64D5108428FD1200003B2E30 /* Build configuration list for PBXProject "FoodExp Manager" */ = {
			isa = XCConfigurationList;
			buildConfigurations = (
				64D5109B28FD1201003B2E30 /* Debug */,
				64D5109C28FD1201003B2E30 /* Release */,
			);
			defaultConfigurationIsVisible = 0;
			defaultConfigurationName = Release;
		};
		64D5109D28FD1201003B2E30 /* Build configuration list for PBXNativeTarget "FoodExp Manager" */ = {
			isa = XCConfigurationList;
			buildConfigurations = (
				64D5109E28FD1201003B2E30 /* Debug */,
				64D5109F28FD1201003B2E30 /* Release */,
			);
			defaultConfigurationIsVisible = 0;
			defaultConfigurationName = Release;
		};
/* End XCConfigurationList section */

/* Begin XCVersionGroup section */
		64D510C628FD13B2003B2E30 /* DataModel.xcdatamodeld */ = {
			isa = XCVersionGroup;
			children = (
				64D510C728FD13B2003B2E30 /* DataModel.xcdatamodel */,
			);
			currentVersion = 64D510C728FD13B2003B2E30 /* DataModel.xcdatamodel */;
			path = DataModel.xcdatamodeld;
			sourceTree = "<group>";
			versionGroupType = wrapper.xcdatamodel;
		};
/* End XCVersionGroup section */
	};
	rootObject = 64D5108128FD1200003B2E30 /* Project object */;
}
